
Microsoft Visual Studio Solution File, Format Version 12.00
# Visual Studio Version 17
VisualStudioVersion = 17.5.002.0
MinimumVisualStudioVersion = 10.0.40219.1
Project("{9A19103F-16F7-4668-BE54-9A1E7A4F7556}") = "PokemonReview", "PokemonReview.csproj", "{25AF9030-73DB-41DA-96D7-BC5A2A9FED99}"
EndProject
Global
	GlobalSection(SolutionConfigurationPlatforms) = preSolution
		Debug|Any CPU = Debug|Any CPU
		Release|Any CPU = Release|Any CPU
	EndGlobalSection
	GlobalSection(ProjectConfigurationPlatforms) = postSolution
		{25AF9030-73DB-41DA-96D7-BC5A2A9FED99}.Debug|Any CPU.ActiveCfg = Debug|Any CPU
		{25AF9030-73DB-41DA-96D7-BC5A2A9FED99}.Debug|Any CPU.Build.0 = Debug|Any CPU
		{25AF9030-73DB-41DA-96D7-BC5A2A9FED99}.Release|Any CPU.ActiveCfg = Release|Any CPU
		{25AF9030-73DB-41DA-96D7-BC5A2A9FED99}.Release|Any CPU.Build.0 = Release|Any CPU
	EndGlobalSection
	GlobalSection(SolutionProperties) = preSolution
		HideSolutionNode = FALSE
	EndGlobalSection
	GlobalSection(ExtensibilityGlobals) = postSolution
		SolutionGuid = {0556CAB6-7A42-48DD-AFF2-05C1AAD29045}
	EndGlobalSection
EndGlobal
